using System;
using System.Collections.Generic;
using System.Linq;
using System.Net.NetworkInformation;
using System.Text;
using System.Threading;
using System.Threading.Tasks;

namespace ConsoleApp1
{
    internal class Program
    {
        static void Main(string[] args)
        {
            string bin = " "; 
             int numa= Convert.ToInt32(Console.ReadLine());

            while( numa != 0)
            {
                int r = numa % 2;
                numa = numa / 2; 
                bin=r+bin;
            }
            Console.WriteLine(bin);


        }
    }
}
